
Microsoft Visual Studio Solution File, Format Version 12.00
# Visual Studio Version 16
VisualStudioVersion = 25.0.1706.14
MinimumVisualStudioVersion = 10.0.40219.1
Project("{2150E333-8FDC-42A3-9474-1A3956D46DE8}") = "src", "src", "{827E0CD3-B72D-47B6-A68D-7590B98EB39B}"
EndProject
Project("{FAE04EC0-301F-11D3-BF4B-00C04F79EFBC}") = "JobFinder.API", "src\JobFinder.API\JobFinder.API.csproj", "{37D6BA0A-DA65-4AA6-8311-B97ADC524EDD}"
EndProject
Project("{FAE04EC0-301F-11D3-BF4B-00C04F79EFBC}") = "JobFinder.Application", "src\JobFinder.Application\JobFinder.Application.csproj", "{0BF72034-746E-48F1-8106-91BF3F93FA07}"
EndProject
Project("{FAE04EC0-301F-11D3-BF4B-00C04F79EFBC}") = "JobFinder.Core", "src\JobFinder.Core\JobFinder.Core.csproj", "{F000140C-1824-4EA5-9E12-E2266565C583}"
EndProject
Project("{FAE04EC0-301F-11D3-BF4B-00C04F79EFBC}") = "JobFinder.Infrastructure", "src\JobFinder.Infrastructure\JobFinder.Infrastructure.csproj", "{10772506-03C7-480C-9C33-DA31D40DD084}"
EndProject
Global
	GlobalSection(SolutionConfigurationPlatforms) = preSolution
		Debug|Any CPU = Debug|Any CPU
		Debug|x64 = Debug|x64
		Debug|x86 = Debug|x86
		Release|Any CPU = Release|Any CPU
		Release|x64 = Release|x64
		Release|x86 = Release|x86
	EndGlobalSection
	GlobalSection(ProjectConfigurationPlatforms) = postSolution
		{8F8F746A-22B1-4001-8613-52045B4D0500}.Debug|Any CPU.ActiveCfg = Debug|Any CPU
		{8F8F746A-22B1-4001-8613-52045B4D0500}.Debug|Any CPU.Build.0 = Debug|Any CPU
		{8F8F746A-22B1-4001-8613-52045B4D0500}.Debug|x64.ActiveCfg = Debug|Any CPU
		{8F8F746A-22B1-4001-8613-52045B4D0500}.Debug|x64.Build.0 = Debug|Any CPU
		{8F8F746A-22B1-4001-8613-52045B4D0500}.Debug|x86.ActiveCfg = Debug|Any CPU
		{8F8F746A-22B1-4001-8613-52045B4D0500}.Debug|x86.Build.0 = Debug|Any CPU
		{8F8F746A-22B1-4001-8613-52045B4D0500}.Release|Any CPU.ActiveCfg = Release|Any CPU
		{8F8F746A-22B1-4001-8613-52045B4D0500}.Release|Any CPU.Build.0 = Release|Any CPU
		{8F8F746A-22B1-4001-8613-52045B4D0500}.Release|x64.ActiveCfg = Release|Any CPU
		{8F8F746A-22B1-4001-8613-52045B4D0500}.Release|x64.Build.0 = Release|Any CPU
		{8F8F746A-22B1-4001-8613-52045B4D0500}.Release|x86.ActiveCfg = Release|Any CPU
		{8F8F746A-22B1-4001-8613-52045B4D0500}.Release|x86.Build.0 = Release|Any CPU
		{37D6BA0A-DA65-4AA6-8311-B97ADC524EDD}.Debug|Any CPU.ActiveCfg = Debug|Any CPU
		{37D6BA0A-DA65-4AA6-8311-B97ADC524EDD}.Debug|Any CPU.Build.0 = Debug|Any CPU
		{37D6BA0A-DA65-4AA6-8311-B97ADC524EDD}.Debug|x64.ActiveCfg = Debug|Any CPU
		{37D6BA0A-DA65-4AA6-8311-B97ADC524EDD}.Debug|x64.Build.0 = Debug|Any CPU
		{37D6BA0A-DA65-4AA6-8311-B97ADC524EDD}.Debug|x86.ActiveCfg = Debug|Any CPU
		{37D6BA0A-DA65-4AA6-8311-B97ADC524EDD}.Debug|x86.Build.0 = Debug|Any CPU
		{37D6BA0A-DA65-4AA6-8311-B97ADC524EDD}.Release|Any CPU.ActiveCfg = Release|Any CPU
		{37D6BA0A-DA65-4AA6-8311-B97ADC524EDD}.Release|Any CPU.Build.0 = Release|Any CPU
		{37D6BA0A-DA65-4AA6-8311-B97ADC524EDD}.Release|x64.ActiveCfg = Release|Any CPU
		{37D6BA0A-DA65-4AA6-8311-B97ADC524EDD}.Release|x64.Build.0 = Release|Any CPU
		{37D6BA0A-DA65-4AA6-8311-B97ADC524EDD}.Release|x86.ActiveCfg = Release|Any CPU
		{37D6BA0A-DA65-4AA6-8311-B97ADC524EDD}.Release|x86.Build.0 = Release|Any CPU
		{0BF72034-746E-48F1-8106-91BF3F93FA07}.Debug|Any CPU.ActiveCfg = Debug|Any CPU
		{0BF72034-746E-48F1-8106-91BF3F93FA07}.Debug|Any CPU.Build.0 = Debug|Any CPU
		{0BF72034-746E-48F1-8106-91BF3F93FA07}.Debug|x64.ActiveCfg = Debug|Any CPU
		{0BF72034-746E-48F1-8106-91BF3F93FA07}.Debug|x64.Build.0 = Debug|Any CPU
		{0BF72034-746E-48F1-8106-91BF3F93FA07}.Debug|x86.ActiveCfg = Debug|Any CPU
		{0BF72034-746E-48F1-8106-91BF3F93FA07}.Debug|x86.Build.0 = Debug|Any CPU
		{0BF72034-746E-48F1-8106-91BF3F93FA07}.Release|Any CPU.ActiveCfg = Release|Any CPU
		{0BF72034-746E-48F1-8106-91BF3F93FA07}.Release|Any CPU.Build.0 = Release|Any CPU
		{0BF72034-746E-48F1-8106-91BF3F93FA07}.Release|x64.ActiveCfg = Release|Any CPU
		{0BF72034-746E-48F1-8106-91BF3F93FA07}.Release|x64.Build.0 = Release|Any CPU
		{0BF72034-746E-48F1-8106-91BF3F93FA07}.Release|x86.ActiveCfg = Release|Any CPU
		{0BF72034-746E-48F1-8106-91BF3F93FA07}.Release|x86.Build.0 = Release|Any CPU
		{F000140C-1824-4EA5-9E12-E2266565C583}.Debug|Any CPU.ActiveCfg = Debug|Any CPU
		{F000140C-1824-4EA5-9E12-E2266565C583}.Debug|Any CPU.Build.0 = Debug|Any CPU
		{F000140C-1824-4EA5-9E12-E2266565C583}.Debug|x64.ActiveCfg = Debug|Any CPU
		{F000140C-1824-4EA5-9E12-E2266565C583}.Debug|x64.Build.0 = Debug|Any CPU
		{F000140C-1824-4EA5-9E12-E2266565C583}.Debug|x86.ActiveCfg = Debug|Any CPU
		{F000140C-1824-4EA5-9E12-E2266565C583}.Debug|x86.Build.0 = Debug|Any CPU
		{F000140C-1824-4EA5-9E12-E2266565C583}.Release|Any CPU.ActiveCfg = Release|Any CPU
		{F000140C-1824-4EA5-9E12-E2266565C583}.Release|Any CPU.Build.0 = Release|Any CPU
		{F000140C-1824-4EA5-9E12-E2266565C583}.Release|x64.ActiveCfg = Release|Any CPU
		{F000140C-1824-4EA5-9E12-E2266565C583}.Release|x64.Build.0 = Release|Any CPU
		{F000140C-1824-4EA5-9E12-E2266565C583}.Release|x86.ActiveCfg = Release|Any CPU
		{F000140C-1824-4EA5-9E12-E2266565C583}.Release|x86.Build.0 = Release|Any CPU
		{10772506-03C7-480C-9C33-DA31D40DD084}.Debug|Any CPU.ActiveCfg = Debug|Any CPU
		{10772506-03C7-480C-9C33-DA31D40DD084}.Debug|Any CPU.Build.0 = Debug|Any CPU
		{10772506-03C7-480C-9C33-DA31D40DD084}.Debug|x64.ActiveCfg = Debug|Any CPU
		{10772506-03C7-480C-9C33-DA31D40DD084}.Debug|x64.Build.0 = Debug|Any CPU
		{10772506-03C7-480C-9C33-DA31D40DD084}.Debug|x86.ActiveCfg = Debug|Any CPU
		{10772506-03C7-480C-9C33-DA31D40DD084}.Debug|x86.Build.0 = Debug|Any CPU
		{10772506-03C7-480C-9C33-DA31D40DD084}.Release|Any CPU.ActiveCfg = Release|Any CPU
		{10772506-03C7-480C-9C33-DA31D40DD084}.Release|Any CPU.Build.0 = Release|Any CPU
		{10772506-03C7-480C-9C33-DA31D40DD084}.Release|x64.ActiveCfg = Release|Any CPU
		{10772506-03C7-480C-9C33-DA31D40DD084}.Release|x64.Build.0 = Release|Any CPU
		{10772506-03C7-480C-9C33-DA31D40DD084}.Release|x86.ActiveCfg = Release|Any CPU
		{10772506-03C7-480C-9C33-DA31D40DD084}.Release|x86.Build.0 = Release|Any CPU
	EndGlobalSection
	GlobalSection(SolutionProperties) = preSolution
		HideSolutionNode = FALSE
	EndGlobalSection
	GlobalSection(NestedProjects) = preSolution
		{37D6BA0A-DA65-4AA6-8311-B97ADC524EDD} = {827E0CD3-B72D-47B6-A68D-7590B98EB39B}
		{0BF72034-746E-48F1-8106-91BF3F93FA07} = {827E0CD3-B72D-47B6-A68D-7590B98EB39B}
		{F000140C-1824-4EA5-9E12-E2266565C583} = {827E0CD3-B72D-47B6-A68D-7590B98EB39B}
		{10772506-03C7-480C-9C33-DA31D40DD084} = {827E0CD3-B72D-47B6-A68D-7590B98EB39B}
	EndGlobalSection
	GlobalSection(ExtensibilityGlobals) = postSolution
		SolutionGuid = {8D43A947-81EB-4E61-B25A-A397A6A01DE0}
	EndGlobalSection
EndGlobal
